github.com/davecgh/go-spew v1.1.1 h1:vj9j/u1bqnvCEfJOwUhtlOARqs3+rkHYY13jYWTU97c=
github.com/davecgh/go-spew v1.1.1/go.mod h1:J7Y8YcW2NihsgmVo/mv3lAwl/skON4iLHjSsI+c5H38=
github.com/draffensperger/golp v0.0.0-20240729130716-1e42e6000a3a h1:EOEYde9bn/JQY19/1pqFEt0JEQe71TjM0o0CmbigPjs=
github.com/draffensperger/golp v0.0.0-20240729130716-1e42e6000a3a/go.mod h1:/TbDI9zua4CTUs81AOyDxnKAuvXX/SmOjonijHadP+k=
github.com/pmezard/go-difflib v1.0.0 h1:4DBwDE0NGyQoBHbLQYPwSUPoCMWR5BEzIk/f1lZbAQM=
github.com/pmezard/go-difflib v1.0.0/go.mod h1:iKH77koFhYxTK1pcRnkKkqfTogsbg7gZNVY4sRDYZ/4=
github.com/stretchr/testify v1.9.0 h1:HtqpIVDClZ4nwg75+f6Lvsy/wHu+3BoSGCbBAcpTsTg=
github.com/stretchr/testify v1.9.0/go.mod h1:r2ic/lqez/lEtzL7wO/rwa5dbSLXVDPFyf8C91i36aY=
github.ibm.com/tantawi/lpsolve v0.0.0-20241002212734-790dbd513d1d h1:6jJhf0aDzsRFH88RhmzNkwC9CpCsyGYyQuTSD3h57tg=
github.ibm.com/tantawi/lpsolve v0.0.0-20241002212734-790dbd513d1d/go.mod h1:bv7mRUWyEe7vrD+Sh4nEg/uIakecBW6ql7OuAxrbEuU=
github.ibm.com/tantawi/queue-analysis v0.0.1 h1:AJpuxtGLDWiP8StpE67WviboputIag2+zZKjpiUv2pM=
github.ibm.com/tantawi/queue-analysis v0.0.1/go.mod h1:elaMVkQiUzcsEm+X5R8CyII4qpX7yMXUWgseZjbzpas=
gopkg.in/yaml.v3 v3.0.1 h1:fxVm/GzAzEWqLHuvctI91KS9hhNmmWOoWu0XTYJS7CA=
gopkg.in/yaml.v3 v3.0.1/go.mod h1:K4uyk7z7BCEPqu6E+C64Yfv1cQ7kz7rIZviUmN+EgEM=
